# @generated by Move, please check-in and do not edit manually.

[move]
version = 0
manifest_digest = "43D5E44F57DE629007855466510CC336B7DA7E8BD25C9697B3C74B897C2FAD03"
deps_digest = "3C4103934B1E040BB6B23F1D610B4EF9F2F1166A50A104EADCF77467C004C600"

dependencies = [
  { name = "Sui" },
  { name = "SuiSystem" },
]

[[move.package]]
name = "MoveStdlib"
source = { git = "https://github.com/MystenLabs/sui.git", rev = "framework/testnet", subdir = "crates/sui-framework/packages/move-stdlib" }

[[move.package]]
name = "Sui"
source = { git = "https://github.com/MystenLabs/sui.git", rev = "framework/testnet", subdir = "crates/sui-framework/packages/sui-framework" }

dependencies = [
  { name = "MoveStdlib" },
]

[[move.package]]
name = "SuiSystem"
source = { git = "https://github.com/MystenLabs/sui.git", rev = "framework/testnet", subdir = "crates/sui-framework/packages/sui-system" }

dependencies = [
  { name = "MoveStdlib" },
  { name = "Sui" },
]

[move.toolchain-version]
compiler-version = "1.26.0"
edition = "2024.beta"
flavor = "sui"

[env]

[env.localnet]
chain-id = "e5bf28c7"
original-published-id = "0x6d45d11d1ae9e110cd9f3171473eca30cc8215aed07b6e23ce177abbc56ecfa0"
latest-published-id = "0x6d45d11d1ae9e110cd9f3171473eca30cc8215aed07b6e23ce177abbc56ecfa0"
published-version = "1"

[env.testnet]
chain-id = "4c78adac"
original-published-id = "0x9f38032e354029c1c0a19680c8529a87b109cdd05ca412b63032b20b0b458b3a"
latest-published-id = "0x9f38032e354029c1c0a19680c8529a87b109cdd05ca412b63032b20b0b458b3a"
published-version = "1"

[env.testnet-alt]
chain-id = "4c78adac"
original-published-id = "0xaffc5ff14db02f1ea13ec337e1b5462e77bc715d71b1352ba14249b005aa8d89"
latest-published-id = "0xaffc5ff14db02f1ea13ec337e1b5462e77bc715d71b1352ba14249b005aa8d89"
published-version = "1"
