# @generated by Move, please check-in and do not edit manually.

[move]
version = 0
manifest_digest = "422954ADA4799163CC18354D0D5F100A00AD946E9F836BEA8BA96A4FF84577F5"
deps_digest = "3C4103934B1E040BB6B23F1D610B4EF9F2F1166A50A104EADCF77467C004C600"

dependencies = [
  { name = "Sui" },
  { name = "SuiSystem" },
]

[[move.package]]
name = "MoveStdlib"
source = { git = "https://github.com/MystenLabs/sui.git", rev = "framework/testnet", subdir = "crates/sui-framework/packages/move-stdlib" }

[[move.package]]
name = "Sui"
source = { git = "https://github.com/MystenLabs/sui.git", rev = "framework/testnet", subdir = "crates/sui-framework/packages/sui-framework" }

dependencies = [
  { name = "MoveStdlib" },
]

[[move.package]]
name = "SuiSystem"
source = { git = "https://github.com/MystenLabs/sui.git", rev = "framework/testnet", subdir = "crates/sui-framework/packages/sui-system" }

dependencies = [
  { name = "MoveStdlib" },
  { name = "Sui" },
]

[move.toolchain-version]
compiler-version = "1.24.1"
edition = "2024.beta"
flavor = "sui"

[env]

[env.localnet]
chain-id = "27380a6b"
original-published-id = "0xd4bf683dc6a960b09b62da3465e949f8229eceedb1921ddaa771bb16359b7c06"
latest-published-id = "0xd4bf683dc6a960b09b62da3465e949f8229eceedb1921ddaa771bb16359b7c06"
published-version = "1"

[env.testnet]
chain-id = "4c78adac"
original-published-id = "0xfdb84c71979da2c572e337d46f4ffb165bbef889c174edcb348db155c97efc01"
latest-published-id = "0xfdb84c71979da2c572e337d46f4ffb165bbef889c174edcb348db155c97efc01"
published-version = "1"
