# @generated by Move, please check-in and do not edit manually.

[move]
version = 0
manifest_digest = "A91A2B8D2E59FB827BE706EFDBD771C60C4825CB8C13DBDE784D89F979A8D068"
deps_digest = "3C4103934B1E040BB6B23F1D610B4EF9F2F1166A50A104EADCF77467C004C600"

dependencies = [
  { name = "Sui" },
  { name = "SuiSystem" },
]

[[move.package]]
name = "MoveStdlib"
source = { git = "https://github.com/MystenLabs/sui.git", rev = "framework/testnet", subdir = "crates/sui-framework/packages/move-stdlib" }

[[move.package]]
name = "Sui"
source = { git = "https://github.com/MystenLabs/sui.git", rev = "framework/testnet", subdir = "crates/sui-framework/packages/sui-framework" }

dependencies = [
  { name = "MoveStdlib" },
]

[[move.package]]
name = "SuiSystem"
source = { git = "https://github.com/MystenLabs/sui.git", rev = "framework/testnet", subdir = "crates/sui-framework/packages/sui-system" }

dependencies = [
  { name = "MoveStdlib" },
  { name = "Sui" },
]

[move.toolchain-version]
compiler-version = "1.25.1"
edition = "2024.beta"
flavor = "sui"

[env]

[env.localnet]
chain-id = "27380a6b"
original-published-id = "0xd4bf683dc6a960b09b62da3465e949f8229eceedb1921ddaa771bb16359b7c06"
latest-published-id = "0xd4bf683dc6a960b09b62da3465e949f8229eceedb1921ddaa771bb16359b7c06"
published-version = "1"

[env.testnet]
chain-id = "4c78adac"
original-published-id = "0xec6014158959289325c5abd55f7e58bcdd84bca772a074389e7ec3b4ff1e0d2d"
latest-published-id = "0xec6014158959289325c5abd55f7e58bcdd84bca772a074389e7ec3b4ff1e0d2d"
published-version = "1"
